
Microsoft Visual Studio Solution File, Format Version 12.00
# Visual Studio Version 17
VisualStudioVersion = 17.10.35004.147
MinimumVisualStudioVersion = 10.0.40219.1
Project("{9A19103F-16F7-4668-BE54-9A1E7A4F7556}") = "EncomendasProject", "EncomendasProject.csproj", "{26472F5B-02CD-4AA4-A3EB-72DE8086CE9D}"
EndProject
Global
	GlobalSection(SolutionConfigurationPlatforms) = preSolution
		Debug|Any CPU = Debug|Any CPU
		Release|Any CPU = Release|Any CPU
	EndGlobalSection
	GlobalSection(ProjectConfigurationPlatforms) = postSolution
		{26472F5B-02CD-4AA4-A3EB-72DE8086CE9D}.Debug|Any CPU.ActiveCfg = Debug|Any CPU
		{26472F5B-02CD-4AA4-A3EB-72DE8086CE9D}.Debug|Any CPU.Build.0 = Debug|Any CPU
		{26472F5B-02CD-4AA4-A3EB-72DE8086CE9D}.Release|Any CPU.ActiveCfg = Release|Any CPU
		{26472F5B-02CD-4AA4-A3EB-72DE8086CE9D}.Release|Any CPU.Build.0 = Release|Any CPU
	EndGlobalSection
	GlobalSection(SolutionProperties) = preSolution
		HideSolutionNode = FALSE
	EndGlobalSection
	GlobalSection(ExtensibilityGlobals) = postSolution
		SolutionGuid = {CEB3CCEA-4F9C-45B0-9606-3B4C9D782DD5}
	EndGlobalSection
EndGlobal
